
Microsoft Visual Studio Solution File, Format Version 12.00
# Visual Studio Version 17
VisualStudioVersion = 17.6.33829.357
MinimumVisualStudioVersion = 10.0.40219.1
Project("{9A19103F-16F7-4668-BE54-9A1E7A4F7556}") = "API", "API\API.csproj", "{8A2578C1-34F7-4519-8B79-643328F71A13}"
EndProject
Project("{9A19103F-16F7-4668-BE54-9A1E7A4F7556}") = "Core", "Core\Core.csproj", "{67F00A69-87EA-41C7-8BF8-BF0FF5E55E5C}"
EndProject
Project("{9A19103F-16F7-4668-BE54-9A1E7A4F7556}") = "Infrastructure", "Infrastructure\Infrastructure.csproj", "{C8421DD7-8D4A-4EC6-93C2-B65A19944B12}"
EndProject
Project("{2150E333-8FDC-42A3-9474-1A3956D46DE8}") = "Solution Items", "Solution Items", "{0FBCC52A-E725-4D3D-9054-159B73A586A3}"
	ProjectSection(SolutionItems) = preProject
		.gitignore = .gitignore
	EndProjectSection
EndProject
Project("{54A90642-561A-4BB1-A94E-469ADEE60C69}") = "Client", "Client\Client.esproj", "{D375CC24-88EF-4841-B233-280E6CBDCEF0}"
EndProject
Global
	GlobalSection(SolutionConfigurationPlatforms) = preSolution
		Debug|Any CPU = Debug|Any CPU
		Release|Any CPU = Release|Any CPU
	EndGlobalSection
	GlobalSection(ProjectConfigurationPlatforms) = postSolution
		{8A2578C1-34F7-4519-8B79-643328F71A13}.Debug|Any CPU.ActiveCfg = Debug|Any CPU
		{8A2578C1-34F7-4519-8B79-643328F71A13}.Debug|Any CPU.Build.0 = Debug|Any CPU
		{8A2578C1-34F7-4519-8B79-643328F71A13}.Release|Any CPU.ActiveCfg = Release|Any CPU
		{8A2578C1-34F7-4519-8B79-643328F71A13}.Release|Any CPU.Build.0 = Release|Any CPU
		{67F00A69-87EA-41C7-8BF8-BF0FF5E55E5C}.Debug|Any CPU.ActiveCfg = Debug|Any CPU
		{67F00A69-87EA-41C7-8BF8-BF0FF5E55E5C}.Debug|Any CPU.Build.0 = Debug|Any CPU
		{67F00A69-87EA-41C7-8BF8-BF0FF5E55E5C}.Release|Any CPU.ActiveCfg = Release|Any CPU
		{67F00A69-87EA-41C7-8BF8-BF0FF5E55E5C}.Release|Any CPU.Build.0 = Release|Any CPU
		{C8421DD7-8D4A-4EC6-93C2-B65A19944B12}.Debug|Any CPU.ActiveCfg = Debug|Any CPU
		{C8421DD7-8D4A-4EC6-93C2-B65A19944B12}.Debug|Any CPU.Build.0 = Debug|Any CPU
		{C8421DD7-8D4A-4EC6-93C2-B65A19944B12}.Release|Any CPU.ActiveCfg = Release|Any CPU
		{C8421DD7-8D4A-4EC6-93C2-B65A19944B12}.Release|Any CPU.Build.0 = Release|Any CPU
		{D375CC24-88EF-4841-B233-280E6CBDCEF0}.Debug|Any CPU.ActiveCfg = Debug|Any CPU
		{D375CC24-88EF-4841-B233-280E6CBDCEF0}.Debug|Any CPU.Build.0 = Debug|Any CPU
		{D375CC24-88EF-4841-B233-280E6CBDCEF0}.Debug|Any CPU.Deploy.0 = Debug|Any CPU
		{D375CC24-88EF-4841-B233-280E6CBDCEF0}.Release|Any CPU.ActiveCfg = Release|Any CPU
		{D375CC24-88EF-4841-B233-280E6CBDCEF0}.Release|Any CPU.Build.0 = Release|Any CPU
		{D375CC24-88EF-4841-B233-280E6CBDCEF0}.Release|Any CPU.Deploy.0 = Release|Any CPU
	EndGlobalSection
	GlobalSection(SolutionProperties) = preSolution
		HideSolutionNode = FALSE
	EndGlobalSection
	GlobalSection(ExtensibilityGlobals) = postSolution
		SolutionGuid = {FEFC64CF-686E-4306-9592-31C88AAFFC5D}
	EndGlobalSection
EndGlobal
